
Microsoft Visual Studio Solution File, Format Version 12.00
# Visual Studio Version 17
VisualStudioVersion = 17.5.33414.496
MinimumVisualStudioVersion = 10.0.40219.1
Project("{FAE04EC0-301F-11D3-BF4B-00C04F79EFBC}") = "Razorpagemovie", "Razorpagemovie\Razorpagemovie.csproj", "{CCC72546-3185-4984-B2E4-DF40603CC97A}"
EndProject
Global
	GlobalSection(SolutionConfigurationPlatforms) = preSolution
		Debug|Any CPU = Debug|Any CPU
		Release|Any CPU = Release|Any CPU
	EndGlobalSection
	GlobalSection(ProjectConfigurationPlatforms) = postSolution
		{CCC72546-3185-4984-B2E4-DF40603CC97A}.Debug|Any CPU.ActiveCfg = Debug|Any CPU
		{CCC72546-3185-4984-B2E4-DF40603CC97A}.Debug|Any CPU.Build.0 = Debug|Any CPU
		{CCC72546-3185-4984-B2E4-DF40603CC97A}.Release|Any CPU.ActiveCfg = Release|Any CPU
		{CCC72546-3185-4984-B2E4-DF40603CC97A}.Release|Any CPU.Build.0 = Release|Any CPU
	EndGlobalSection
	GlobalSection(SolutionProperties) = preSolution
		HideSolutionNode = FALSE
	EndGlobalSection
	GlobalSection(ExtensibilityGlobals) = postSolution
		SolutionGuid = {3F8CBEB9-F395-40B8-9EB2-23C40F6E086A}
	EndGlobalSection
EndGlobal
