
Microsoft Visual Studio Solution File, Format Version 12.00
# Visual Studio Version 17
VisualStudioVersion = 17.4.33213.308
MinimumVisualStudioVersion = 10.0.40219.1
Project("{F184B08F-C81C-45F6-A57F-5ABD9991F28F}") = "TrainingPersonsonaldetails", "TrainingPersonsonaldetails\TrainingPersonsonaldetails.vbproj", "{BEB5EA7F-0C7D-4200-8487-0BCDAD07D79D}"
EndProject
Global
	GlobalSection(SolutionConfigurationPlatforms) = preSolution
		Debug|Any CPU = Debug|Any CPU
		Release|Any CPU = Release|Any CPU
	EndGlobalSection
	GlobalSection(ProjectConfigurationPlatforms) = postSolution
		{BEB5EA7F-0C7D-4200-8487-0BCDAD07D79D}.Debug|Any CPU.ActiveCfg = Debug|Any CPU
		{BEB5EA7F-0C7D-4200-8487-0BCDAD07D79D}.Debug|Any CPU.Build.0 = Debug|Any CPU
		{BEB5EA7F-0C7D-4200-8487-0BCDAD07D79D}.Release|Any CPU.ActiveCfg = Release|Any CPU
		{BEB5EA7F-0C7D-4200-8487-0BCDAD07D79D}.Release|Any CPU.Build.0 = Release|Any CPU
	EndGlobalSection
	GlobalSection(SolutionProperties) = preSolution
		HideSolutionNode = FALSE
	EndGlobalSection
	GlobalSection(ExtensibilityGlobals) = postSolution
		SolutionGuid = {D21BCF52-1254-41D4-97C9-169B69057C8F}
	EndGlobalSection
EndGlobal
