
Microsoft Visual Studio Solution File, Format Version 12.00
# Visual Studio Version 17
VisualStudioVersion = 17.4.33213.308
MinimumVisualStudioVersion = 10.0.40219.1
Project("{F184B08F-C81C-45F6-A57F-5ABD9991F28F}") = "EmployeeManagementSystemW", "EmployeeManagementSystemW\EmployeeManagementSystemW.vbproj", "{DF1ED667-2566-4ABA-9762-D9DDDE791FA6}"
EndProject
Global
	GlobalSection(SolutionConfigurationPlatforms) = preSolution
		Debug|Any CPU = Debug|Any CPU
		Release|Any CPU = Release|Any CPU
	EndGlobalSection
	GlobalSection(ProjectConfigurationPlatforms) = postSolution
		{DF1ED667-2566-4ABA-9762-D9DDDE791FA6}.Debug|Any CPU.ActiveCfg = Debug|Any CPU
		{DF1ED667-2566-4ABA-9762-D9DDDE791FA6}.Debug|Any CPU.Build.0 = Debug|Any CPU
		{DF1ED667-2566-4ABA-9762-D9DDDE791FA6}.Release|Any CPU.ActiveCfg = Release|Any CPU
		{DF1ED667-2566-4ABA-9762-D9DDDE791FA6}.Release|Any CPU.Build.0 = Release|Any CPU
	EndGlobalSection
	GlobalSection(SolutionProperties) = preSolution
		HideSolutionNode = FALSE
	EndGlobalSection
	GlobalSection(ExtensibilityGlobals) = postSolution
		SolutionGuid = {0A8C98E8-0B01-48C5-A069-950812A76F48}
	EndGlobalSection
EndGlobal
