
Microsoft Visual Studio Solution File, Format Version 12.00
# Visual Studio Version 17
VisualStudioVersion = 17.4.33213.308
MinimumVisualStudioVersion = 10.0.40219.1
Project("{F184B08F-C81C-45F6-A57F-5ABD9991F28F}") = "Track Scheduler", "Track Scheduler\Track Scheduler.vbproj", "{3433BD38-8FCD-41CE-887B-61C41926F009}"
EndProject
Global
	GlobalSection(SolutionConfigurationPlatforms) = preSolution
		Debug|Any CPU = Debug|Any CPU
		Release|Any CPU = Release|Any CPU
	EndGlobalSection
	GlobalSection(ProjectConfigurationPlatforms) = postSolution
		{3433BD38-8FCD-41CE-887B-61C41926F009}.Debug|Any CPU.ActiveCfg = Debug|Any CPU
		{3433BD38-8FCD-41CE-887B-61C41926F009}.Debug|Any CPU.Build.0 = Debug|Any CPU
		{3433BD38-8FCD-41CE-887B-61C41926F009}.Release|Any CPU.ActiveCfg = Release|Any CPU
		{3433BD38-8FCD-41CE-887B-61C41926F009}.Release|Any CPU.Build.0 = Release|Any CPU
	EndGlobalSection
	GlobalSection(SolutionProperties) = preSolution
		HideSolutionNode = FALSE
	EndGlobalSection
	GlobalSection(ExtensibilityGlobals) = postSolution
		SolutionGuid = {10E9DDC4-6EA0-4FE8-B2B1-628BB9E0C7F9}
	EndGlobalSection
EndGlobal
