
Microsoft Visual Studio Solution File, Format Version 12.00
# Visual Studio Version 17
VisualStudioVersion = 17.4.33122.133
MinimumVisualStudioVersion = 10.0.40219.1
Project("{F184B08F-C81C-45F6-A57F-5ABD9991F28F}") = "ConsoleApp1", "ConsoleApp1\ConsoleApp1.vbproj", "{7671E3AE-FCF4-453C-8EB6-2D4CC0C2BB6A}"
EndProject
Global
	GlobalSection(SolutionConfigurationPlatforms) = preSolution
		Debug|Any CPU = Debug|Any CPU
		Release|Any CPU = Release|Any CPU
	EndGlobalSection
	GlobalSection(ProjectConfigurationPlatforms) = postSolution
		{7671E3AE-FCF4-453C-8EB6-2D4CC0C2BB6A}.Debug|Any CPU.ActiveCfg = Debug|Any CPU
		{7671E3AE-FCF4-453C-8EB6-2D4CC0C2BB6A}.Debug|Any CPU.Build.0 = Debug|Any CPU
		{7671E3AE-FCF4-453C-8EB6-2D4CC0C2BB6A}.Release|Any CPU.ActiveCfg = Release|Any CPU
		{7671E3AE-FCF4-453C-8EB6-2D4CC0C2BB6A}.Release|Any CPU.Build.0 = Release|Any CPU
	EndGlobalSection
	GlobalSection(SolutionProperties) = preSolution
		HideSolutionNode = FALSE
	EndGlobalSection
	GlobalSection(ExtensibilityGlobals) = postSolution
		SolutionGuid = {C63077EE-921E-47B3-A463-3082D4879FD1}
	EndGlobalSection
EndGlobal
