
Microsoft Visual Studio Solution File, Format Version 12.00
# Visual Studio Version 17
VisualStudioVersion = 17.5.33414.496
MinimumVisualStudioVersion = 10.0.40219.1
Project("{F184B08F-C81C-45F6-A57F-5ABD9991F28F}") = "WindowsService1", "WindowsService1\WindowsService1.vbproj", "{E41D30E1-B2F3-4355-BC99-5611D95E607F}"
EndProject
Global
	GlobalSection(SolutionConfigurationPlatforms) = preSolution
		Debug|Any CPU = Debug|Any CPU
		Release|Any CPU = Release|Any CPU
	EndGlobalSection
	GlobalSection(ProjectConfigurationPlatforms) = postSolution
		{E41D30E1-B2F3-4355-BC99-5611D95E607F}.Debug|Any CPU.ActiveCfg = Debug|Any CPU
		{E41D30E1-B2F3-4355-BC99-5611D95E607F}.Debug|Any CPU.Build.0 = Debug|Any CPU
		{E41D30E1-B2F3-4355-BC99-5611D95E607F}.Release|Any CPU.ActiveCfg = Release|Any CPU
		{E41D30E1-B2F3-4355-BC99-5611D95E607F}.Release|Any CPU.Build.0 = Release|Any CPU
	EndGlobalSection
	GlobalSection(SolutionProperties) = preSolution
		HideSolutionNode = FALSE
	EndGlobalSection
	GlobalSection(ExtensibilityGlobals) = postSolution
		SolutionGuid = {A9E94E68-F4F4-4AA1-9FB5-D0B9F64F649C}
	EndGlobalSection
EndGlobal
